
Microsoft Visual Studio Solution File, Format Version 12.00
# Visual Studio Version 16
VisualStudioVersion = 16.0.31025.194
MinimumVisualStudioVersion = 10.0.40219.1
Project("{FAE04EC0-301F-11D3-BF4B-00C04F79EFBC}") = "ConsoleApp1", "ConsoleApp1\ConsoleApp1.csproj", "{FAA0D2AD-189C-4A01-B1FB-7D8325405B0C}"
EndProject
Global
	GlobalSection(SolutionConfigurationPlatforms) = preSolution
		Debug|Any CPU = Debug|Any CPU
		Release|Any CPU = Release|Any CPU
	EndGlobalSection
	GlobalSection(ProjectConfigurationPlatforms) = postSolution
		{FAA0D2AD-189C-4A01-B1FB-7D8325405B0C}.Debug|Any CPU.ActiveCfg = Debug|Any CPU
		{FAA0D2AD-189C-4A01-B1FB-7D8325405B0C}.Debug|Any CPU.Build.0 = Debug|Any CPU
		{FAA0D2AD-189C-4A01-B1FB-7D8325405B0C}.Release|Any CPU.ActiveCfg = Release|Any CPU
		{FAA0D2AD-189C-4A01-B1FB-7D8325405B0C}.Release|Any CPU.Build.0 = Release|Any CPU
	EndGlobalSection
	GlobalSection(SolutionProperties) = preSolution
		HideSolutionNode = FALSE
	EndGlobalSection
	GlobalSection(ExtensibilityGlobals) = postSolution
		SolutionGuid = {EC46908D-006F-4BBB-BE9F-DECE1D4A8610}
	EndGlobalSection
EndGlobal
